
Microsoft Visual Studio Solution File, Format Version 12.00
# Visual Studio Version 17
VisualStudioVersion = 17.8.34330.188
MinimumVisualStudioVersion = 10.0.40219.1
Project("{D954291E-2A0B-460D-934E-DC6B0785DB48}") = "Core.DynamicBoneDistributionEditor", "Core.DynamicBoneDistributionEditor\Core.DynamicBoneDistributionEditor.shproj", "{9BA0F266-A776-414F-A93D-FB35B34B8ECD}"
EndProject
Global
	GlobalSection(SolutionProperties) = preSolution
		HideSolutionNode = FALSE
	EndGlobalSection
	GlobalSection(ExtensibilityGlobals) = postSolution
		SolutionGuid = {6E7DE03E-511D-41D3-AA46-C0547C586B7F}
	EndGlobalSection
	GlobalSection(SharedMSBuildProjectFiles) = preSolution
		Core.DynamicBoneDistributionEditor\Core.DynamicBoneDistributionEditor.projitems*{9ba0f266-a776-414f-a93d-fb35b34b8ecd}*SharedItemsImports = 13
	EndGlobalSection
EndGlobal
