
Microsoft Visual Studio Solution File, Format Version 12.00
# Visual Studio Version 17
VisualStudioVersion = 17.8.34330.188
MinimumVisualStudioVersion = 10.0.40219.1
Project("{D954291E-2A0B-460D-934E-DC6B0785DB48}") = "Core.DynamicBoneDistributionEditor", "Core.DynamicBoneDistributionEditor\Core.DynamicBoneDistributionEditor.shproj", "{9BA0F266-A776-414F-A93D-FB35B34B8ECD}"
EndProject
Project("{FAE04EC0-301F-11D3-BF4B-00C04F79EFBC}") = "KK.DynamicBoneDistributionEditor", "KK.DynamicBoneDistributionEditor\KK.DynamicBoneDistributionEditor.csproj", "{0266D837-527D-4520-8D6D-1C173645B625}"
EndProject
Project("{FAE04EC0-301F-11D3-BF4B-00C04F79EFBC}") = "KKS.DynamicBoneDistributionEditor", "KKS.DynamicBoneDistributionEditor\KKS.DynamicBoneDistributionEditor.csproj", "{F0DBB3CF-8A0C-4DFA-9FFA-1B66B0B1DF2A}"
EndProject
Global
	GlobalSection(SolutionProperties) = preSolution
		HideSolutionNode = FALSE
	EndGlobalSection
	GlobalSection(ExtensibilityGlobals) = postSolution
		SolutionGuid = {6E7DE03E-511D-41D3-AA46-C0547C586B7F}
	EndGlobalSection
	GlobalSection(SharedMSBuildProjectFiles) = preSolution
		Core.DynamicBoneDistributionEditor\Core.DynamicBoneDistributionEditor.projitems*{9ba0f266-a776-414f-a93d-fb35b34b8ecd}*SharedItemsImports = 13
	EndGlobalSection
	GlobalSection(SolutionConfigurationPlatforms) = preSolution
		Debug|Any CPU = Debug|Any CPU
		Release|Any CPU = Release|Any CPU
	EndGlobalSection
	GlobalSection(ProjectConfigurationPlatforms) = postSolution
		{0266D837-527D-4520-8D6D-1C173645B625}.Debug|Any CPU.ActiveCfg = Debug|Any CPU
		{0266D837-527D-4520-8D6D-1C173645B625}.Debug|Any CPU.Build.0 = Debug|Any CPU
		{0266D837-527D-4520-8D6D-1C173645B625}.Release|Any CPU.ActiveCfg = Release|Any CPU
		{0266D837-527D-4520-8D6D-1C173645B625}.Release|Any CPU.Build.0 = Release|Any CPU
		{F0DBB3CF-8A0C-4DFA-9FFA-1B66B0B1DF2A}.Debug|Any CPU.ActiveCfg = Debug|Any CPU
		{F0DBB3CF-8A0C-4DFA-9FFA-1B66B0B1DF2A}.Debug|Any CPU.Build.0 = Debug|Any CPU
		{F0DBB3CF-8A0C-4DFA-9FFA-1B66B0B1DF2A}.Release|Any CPU.ActiveCfg = Release|Any CPU
		{F0DBB3CF-8A0C-4DFA-9FFA-1B66B0B1DF2A}.Release|Any CPU.Build.0 = Release|Any CPU
	EndGlobalSection
EndGlobal
